Microsoft Visual Studio Solution File, Format Version 11.00
# Visual Studio 2008

Project("{4BA99488-F127-4A72-BBA3-0C5093DD8D19}") = "LMC2813_Final", "Assembly-CSharp-firstpass.csproj", "{60AA9409-BEEA-2F9E-BA58-73195103BCCE}"
EndProject
Project("{4BA99488-F127-4A72-BBA3-0C5093DD8D19}") = "LMC2813_Final", "Assembly-CSharp.csproj", "{62D0389C-8A8A-FAC5-601F-B47BA4A536EB}"
EndProject
Project("{4BA99488-F127-4A72-BBA3-0C5093DD8D19}") = "LMC2813_Final", "Assembly-CSharp-Editor.csproj", "{2F6083EE-091C-CF88-1099-31FA5E2CAECA}"
EndProject
Global
	GlobalSection(SolutionConfigurationPlatforms) = preSolution
		Debug|Any CPU = Debug|Any CPU
		Release|Any CPU = Release|Any CPU
	EndGlobalSection
	GlobalSection(ProjectConfigurationPlatforms) = postSolution
		{60AA9409-BEEA-2F9E-BA58-73195103BCCE}.Debug|Any CPU.ActiveCfg = Debug|Any CPU
		{60AA9409-BEEA-2F9E-BA58-73195103BCCE}.Debug|Any CPU.Build.0 = Debug|Any CPU
		{60AA9409-BEEA-2F9E-BA58-73195103BCCE}.Release|Any CPU.ActiveCfg = Release|Any CPU
		{60AA9409-BEEA-2F9E-BA58-73195103BCCE}.Release|Any CPU.Build.0 = Release|Any CPU
		{62D0389C-8A8A-FAC5-601F-B47BA4A536EB}.Debug|Any CPU.ActiveCfg = Debug|Any CPU
		{62D0389C-8A8A-FAC5-601F-B47BA4A536EB}.Debug|Any CPU.Build.0 = Debug|Any CPU
		{62D0389C-8A8A-FAC5-601F-B47BA4A536EB}.Release|Any CPU.ActiveCfg = Release|Any CPU
		{62D0389C-8A8A-FAC5-601F-B47BA4A536EB}.Release|Any CPU.Build.0 = Release|Any CPU
		{2F6083EE-091C-CF88-1099-31FA5E2CAECA}.Debug|Any CPU.ActiveCfg = Debug|Any CPU
		{2F6083EE-091C-CF88-1099-31FA5E2CAECA}.Debug|Any CPU.Build.0 = Debug|Any CPU
		{2F6083EE-091C-CF88-1099-31FA5E2CAECA}.Release|Any CPU.ActiveCfg = Release|Any CPU
		{2F6083EE-091C-CF88-1099-31FA5E2CAECA}.Release|Any CPU.Build.0 = Release|Any CPU
	EndGlobalSection
	GlobalSection(SolutionProperties) = preSolution
		HideSolutionNode = FALSE
	EndGlobalSection
			GlobalSection(MonoDevelopProperties) = preSolution
		StartupItem = Assembly-CSharp.csproj
		Policies = $0
		$0.TextStylePolicy = $1
		$1.inheritsSet = null
		$1.scope = text/x-csharp
		$0.CSharpFormattingPolicy = $2
		$2.inheritsSet = Mono
		$2.inheritsScope = text/x-csharp
		$2.scope = text/x-csharp
		$0.TextStylePolicy = $3
		$3.FileWidth = 120
		$3.TabWidth = 4
		$3.IndentWidth = 4
		$3.EolMarker = Unix
		$3.inheritsSet = Mono
		$3.inheritsScope = text/plain
		$3.scope = text/plain
	EndGlobalSection

EndGlobal
